// !$*UTF8*$!
{
	archiveVersion = 1;
	classes = {
	};
	objectVersion = 77;
	objects = {

/* Begin PBXBuildFile section */
		6462E2582E395D64005B4AAA /* Auth in Frameworks */ = {isa = PBXBuildFile; productRef = 6462E2572E395D64005B4AAA /* Auth */; };
		6462E25A2E395D64005B4AAA /* Functions in Frameworks */ = {isa = PBXBuildFile; productRef = 6462E2592E395D64005B4AAA /* Functions */; };
		6462E25C2E395D64005B4AAA /* PostgREST in Frameworks */ = {isa = PBXBuildFile; productRef = 6462E25B2E395D64005B4AAA /* PostgREST */; };
		6462E25E2E395D64005B4AAA /* Realtime in Frameworks */ = {isa = PBXBuildFile; productRef = 6462E25D2E395D64005B4AAA /* Realtime */; };
		6462E2602E395D64005B4AAA /* Storage in Frameworks */ = {isa = PBXBuildFile; productRef = 6462E25F2E395D64005B4AAA /* Storage */; };
		6462E2622E395D64005B4AAA /* Supabase in Frameworks */ = {isa = PBXBuildFile; productRef = 6462E2612E395D64005B4AAA /* Supabase */; };
		647E801C2E161DF100E36B1F /* SQLite in Frameworks */ = {isa = PBXBuildFile; productRef = 647E801B2E161DF100E36B1F /* SQLite */; };
/* End PBXBuildFile section */

/* Begin PBXContainerItemProxy section */
		64C360A32E13632B00CA5CE5 /* PBXContainerItemProxy */ = {
			isa = PBXContainerItemProxy;
			containerPortal = 64C3608D2E13632A00CA5CE5 /* Project object */;
			proxyType = 1;
			remoteGlobalIDString = 64C360942E13632A00CA5CE5;
			remoteInfo = safar;
		};
		64C360AD2E13632B00CA5CE5 /* PBXContainerItemProxy */ = {
			isa = PBXContainerItemProxy;
			containerPortal = 64C3608D2E13632A00CA5CE5 /* Project object */;
			proxyType = 1;
			remoteGlobalIDString = 64C360942E13632A00CA5CE5;
			remoteInfo = safar;
		};
/* End PBXContainerItemProxy section */

/* Begin PBXFileReference section */
		64C360952E13632A00CA5CE5 /* Safar.app */ = {isa = PBXFileReference; explicitFileType = wrapper.application; includeInIndex = 0; path = Safar.app; sourceTree = BUILT_PRODUCTS_DIR; };
		64C360A22E13632B00CA5CE5 /* SafarTests.xctest */ = {isa = PBXFileReference; explicitFileType = wrapper.cfbundle; includeInIndex = 0; path = SafarTests.xctest; sourceTree = BUILT_PRODUCTS_DIR; };
		64C360AC2E13632B00CA5CE5 /* SafarUITests.xctest */ = {isa = PBXFileReference; explicitFileType = wrapper.cfbundle; includeInIndex = 0; path = SafarUITests.xctest; sourceTree = BUILT_PRODUCTS_DIR; };
/* End PBXFileReference section */

/* Begin PBXFileSystemSynchronizedBuildFileExceptionSet section */
		6462E2712E396D18005B4AAA /* Exceptions for "Safar" folder in "Safar" target */ = {
			isa = PBXFileSystemSynchronizedBuildFileExceptionSet;
			membershipExceptions = (
				Info.plist,
			);
			target = 64C360942E13632A00CA5CE5 /* Safar */;
		};
/* End PBXFileSystemSynchronizedBuildFileExceptionSet section */

/* Begin PBXFileSystemSynchronizedRootGroup section */
		64C360972E13632A00CA5CE5 /* Safar */ = {
			isa = PBXFileSystemSynchronizedRootGroup;
			exceptions = (
				6462E2712E396D18005B4AAA /* Exceptions for "Safar" folder in "Safar" target */,
			);
			path = Safar;
			sourceTree = "<group>";
		};
		64C360A52E13632B00CA5CE5 /* safarTests */ = {
			isa = PBXFileSystemSynchronizedRootGroup;
			path = safarTests;
			sourceTree = "<group>";
		};
		64C360AF2E13632B00CA5CE5 /* safarUITests */ = {
			isa = PBXFileSystemSynchronizedRootGroup;
			path = safarUITests;
			sourceTree = "<group>";
		};
/* End PBXFileSystemSynchronizedRootGroup section */

/* Begin PBXFrameworksBuildPhase section */
		64C360922E13632A00CA5CE5 /* Frameworks */ = {
			isa = PBXFrameworksBuildPhase;
			buildActionMask = 2147483647;
			files = (
				6462E2622E395D64005B4AAA /* Supabase in Frameworks */,
				6462E2602E395D64005B4AAA /* Storage in Frameworks */,
				6462E25C2E395D64005B4AAA /* PostgREST in Frameworks */,
				6462E25A2E395D64005B4AAA /* Functions in Frameworks */,
				6462E2582E395D64005B4AAA /* Auth in Frameworks */,
				6462E25E2E395D64005B4AAA /* Realtime in Frameworks */,
				647E801C2E161DF100E36B1F /* SQLite in Frameworks */,
			);
			runOnlyForDeploymentPostprocessing = 0;
		};
		64C3609F2E13632B00CA5CE5 /* Frameworks */ = {
			isa = PBXFrameworksBuildPhase;
			buildActionMask = 2147483647;
			files = (
			);
			runOnlyForDeploymentPostprocessing = 0;
		};
		64C360A92E13632B00CA5CE5 /* Frameworks */ = {
			isa = PBXFrameworksBuildPhase;
			buildActionMask = 2147483647;
			files = (
			);
			runOnlyForDeploymentPostprocessing = 0;
		};
/* End PBXFrameworksBuildPhase section */

/* Begin PBXGroup section */
		64C3608C2E13632A00CA5CE5 = {
			isa = PBXGroup;
			children = (
				64C360972E13632A00CA5CE5 /* Safar */,
				64C360A52E13632B00CA5CE5 /* safarTests */,
				64C360AF2E13632B00CA5CE5 /* safarUITests */,
				64C360962E13632A00CA5CE5 /* Products */,
			);
			sourceTree = "<group>";
		};
		64C360962E13632A00CA5CE5 /* Products */ = {
			isa = PBXGroup;
			children = (
				64C360952E13632A00CA5CE5 /* Safar.app */,
				64C360A22E13632B00CA5CE5 /* SafarTests.xctest */,
				64C360AC2E13632B00CA5CE5 /* SafarUITests.xctest */,
			);
			name = Products;
			sourceTree = "<group>";
		};
/* End PBXGroup section */

/* Begin PBXNativeTarget section */
		64C360942E13632A00CA5CE5 /* Safar */ = {
			isa = PBXNativeTarget;
			buildConfigurationList = 64C360B62E13632B00CA5CE5 /* Build configuration list for PBXNativeTarget "Safar" */;
			buildPhases = (
				64C360912E13632A00CA5CE5 /* Sources */,
				64C360922E13632A00CA5CE5 /* Frameworks */,
				64C360932E13632A00CA5CE5 /* Resources */,
			);
			buildRules = (
			);
			dependencies = (
			);
			fileSystemSynchronizedGroups = (
				64C360972E13632A00CA5CE5 /* Safar */,
			);
			name = Safar;
			packageProductDependencies = (
				647E801B2E161DF100E36B1F /* SQLite */,
				6462E2572E395D64005B4AAA /* Auth */,
				6462E2592E395D64005B4AAA /* Functions */,
				6462E25B2E395D64005B4AAA /* PostgREST */,
				6462E25D2E395D64005B4AAA /* Realtime */,
				6462E25F2E395D64005B4AAA /* Storage */,
				6462E2612E395D64005B4AAA /* Supabase */,
			);
			productName = safar;
			productReference = 64C360952E13632A00CA5CE5 /* Safar.app */;
			productType = "com.apple.product-type.application";
		};
		64C360A12E13632B00CA5CE5 /* SafarTests */ = {
			isa = PBXNativeTarget;
			buildConfigurationList = 64C360B92E13632B00CA5CE5 /* Build configuration list for PBXNativeTarget "SafarTests" */;
			buildPhases = (
				64C3609E2E13632B00CA5CE5 /* Sources */,
				64C3609F2E13632B00CA5CE5 /* Frameworks */,
				64C360A02E13632B00CA5CE5 /* Resources */,
			);
			buildRules = (
			);
			dependencies = (
				64C360A42E13632B00CA5CE5 /* PBXTargetDependency */,
			);
			fileSystemSynchronizedGroups = (
				64C360A52E13632B00CA5CE5 /* safarTests */,
			);
			name = SafarTests;
			packageProductDependencies = (
			);
			productName = safarTests;
			productReference = 64C360A22E13632B00CA5CE5 /* SafarTests.xctest */;
			productType = "com.apple.product-type.bundle.unit-test";
		};
		64C360AB2E13632B00CA5CE5 /* SafarUITests */ = {
			isa = PBXNativeTarget;
			buildConfigurationList = 64C360BC2E13632B00CA5CE5 /* Build configuration list for PBXNativeTarget "SafarUITests" */;
			buildPhases = (
				64C360A82E13632B00CA5CE5 /* Sources */,
				64C360A92E13632B00CA5CE5 /* Frameworks */,
				64C360AA2E13632B00CA5CE5 /* Resources */,
			);
			buildRules = (
			);
			dependencies = (
				64C360AE2E13632B00CA5CE5 /* PBXTargetDependency */,
			);
			fileSystemSynchronizedGroups = (
				64C360AF2E13632B00CA5CE5 /* safarUITests */,
			);
			name = SafarUITests;
			packageProductDependencies = (
			);
			productName = safarUITests;
			productReference = 64C360AC2E13632B00CA5CE5 /* SafarUITests.xctest */;
			productType = "com.apple.product-type.bundle.ui-testing";
		};
/* End PBXNativeTarget section */

/* Begin PBXProject section */
		64C3608D2E13632A00CA5CE5 /* Project object */ = {
			isa = PBXProject;
			attributes = {
				BuildIndependentTargetsInParallel = 1;
				LastSwiftUpdateCheck = 1640;
				LastUpgradeCheck = 1640;
				TargetAttributes = {
					64C360942E13632A00CA5CE5 = {
						CreatedOnToolsVersion = 16.4;
					};
					64C360A12E13632B00CA5CE5 = {
						CreatedOnToolsVersion = 16.4;
						TestTargetID = 64C360942E13632A00CA5CE5;
					};
					64C360AB2E13632B00CA5CE5 = {
						CreatedOnToolsVersion = 16.4;
						TestTargetID = 64C360942E13632A00CA5CE5;
					};
				};
			};
			buildConfigurationList = 64C360902E13632A00CA5CE5 /* Build configuration list for PBXProject "Safar" */;
			developmentRegion = en;
			hasScannedForEncodings = 0;
			knownRegions = (
				en,
				Base,
			);
			mainGroup = 64C3608C2E13632A00CA5CE5;
			minimizedProjectReferenceProxies = 1;
			packageReferences = (
				647E801A2E161DF100E36B1F /* XCRemoteSwiftPackageReference "SQLite" */,
				6462E2562E395D64005B4AAA /* XCRemoteSwiftPackageReference "supabase-swift" */,
			);
			preferredProjectObjectVersion = 77;
			productRefGroup = 64C360962E13632A00CA5CE5 /* Products */;
			projectDirPath = "";
			projectRoot = "";
			targets = (
				64C360942E13632A00CA5CE5 /* Safar */,
				64C360A12E13632B00CA5CE5 /* SafarTests */,
				64C360AB2E13632B00CA5CE5 /* SafarUITests */,
			);
		};
/* End PBXProject section */

/* Begin PBXResourcesBuildPhase section */
		64C360932E13632A00CA5CE5 /* Resources */ = {
			isa = PBXResourcesBuildPhase;
			buildActionMask = 2147483647;
			files = (
			);
			runOnlyForDeploymentPostprocessing = 0;
		};
		64C360A02E13632B00CA5CE5 /* Resources */ = {
			isa = PBXResourcesBuildPhase;
			buildActionMask = 2147483647;
			files = (
			);
			runOnlyForDeploymentPostprocessing = 0;
		};
		64C360AA2E13632B00CA5CE5 /* Resources */ = {
			isa = PBXResourcesBuildPhase;
			buildActionMask = 2147483647;
			files = (
			);
			runOnlyForDeploymentPostprocessing = 0;
		};
/* End PBXResourcesBuildPhase section */

/* Begin PBXSourcesBuildPhase section */
		64C360912E13632A00CA5CE5 /* Sources */ = {
			isa = PBXSourcesBuildPhase;
			buildActionMask = 2147483647;
			files = (
			);
			runOnlyForDeploymentPostprocessing = 0;
		};
		64C3609E2E13632B00CA5CE5 /* Sources */ = {
			isa = PBXSourcesBuildPhase;
			buildActionMask = 2147483647;
			files = (
			);
			runOnlyForDeploymentPostprocessing = 0;
		};
		64C360A82E13632B00CA5CE5 /* Sources */ = {
			isa = PBXSourcesBuildPhase;
			buildActionMask = 2147483647;
			files = (
			);
			runOnlyForDeploymentPostprocessing = 0;
		};
/* End PBXSourcesBuildPhase section */

/* Begin PBXTargetDependency section */
		64C360A42E13632B00CA5CE5 /* PBXTargetDependency */ = {
			isa = PBXTargetDependency;
			target = 64C360942E13632A00CA5CE5 /* Safar */;
			targetProxy = 64C360A32E13632B00CA5CE5 /* PBXContainerItemProxy */;
		};
		64C360AE2E13632B00CA5CE5 /* PBXTargetDependency */ = {
			isa = PBXTargetDependency;
			target = 64C360942E13632A00CA5CE5 /* Safar */;
			targetProxy = 64C360AD2E13632B00CA5CE5 /* PBXContainerItemProxy */;
		};
/* End PBXTargetDependency section */

/* Begin XCBuildConfiguration section */
		64C360B42E13632B00CA5CE5 /* Debug */ = {
			isa = XCBuildConfiguration;
			buildSettings = {
				ALWAYS_SEARCH_USER_PATHS = NO;
				ASSETCATALOG_COMPILER_GENERATE_SWIFT_ASSET_SYMBOL_EXTENSIONS = YES;
				CLANG_ANALYZER_NONNULL = YES;
				CLANG_ANALYZER_NUMBER_OBJECT_CONVERSION = YES_AGGRESSIVE;
				CLANG_CXX_LANGUAGE_STANDARD = "gnu++20";
				CLANG_ENABLE_MODULES = YES;
				CLANG_ENABLE_OBJC_ARC = YES;
				CLANG_ENABLE_OBJC_WEAK = YES;
				CLANG_WARN_BLOCK_CAPTURE_AUTORELEASING = YES;
				CLANG_WARN_BOOL_CONVERSION = YES;
				CLANG_WARN_COMMA = YES;
				CLANG_WARN_CONSTANT_CONVERSION = YES;
				CLANG_WARN_DEPRECATED_OBJC_IMPLEMENTATIONS = YES;
				CLANG_WARN_DIRECT_OBJC_ISA_USAGE = YES_ERROR;
				CLANG_WARN_DOCUMENTATION_COMMENTS = YES;
				CLANG_WARN_EMPTY_BODY = YES;
				CLANG_WARN_ENUM_CONVERSION = YES;
				CLANG_WARN_INFINITE_RECURSION = YES;
				CLANG_WARN_INT_CONVERSION = YES;
				CLANG_WARN_NON_LITERAL_NULL_CONVERSION = YES;
				CLANG_WARN_OBJC_IMPLICIT_RETAIN_SELF = YES;
				CLANG_WARN_OBJC_LITERAL_CONVERSION = YES;
				CLANG_WARN_OBJC_ROOT_CLASS = YES_ERROR;
				CLANG_WARN_QUOTED_INCLUDE_IN_FRAMEWORK_HEADER = YES;
				CLANG_WARN_RANGE_LOOP_ANALYSIS = YES;
				CLANG_WARN_STRICT_PROTOTYPES = YES;
				CLANG_WARN_SUSPICIOUS_MOVE = YES;
				CLANG_WARN_UNGUARDED_AVAILABILITY = YES_AGGRESSIVE;
				CLANG_WARN_UNREACHABLE_CODE = YES;
				CLANG_WARN__DUPLICATE_METHOD_MATCH = YES;
				COPY_PHASE_STRIP = NO;
				DEBUG_INFORMATION_FORMAT = dwarf;
				ENABLE_STRICT_OBJC_MSGSEND = YES;
				ENABLE_TESTABILITY = YES;
				ENABLE_USER_SCRIPT_SANDBOXING = YES;
				GCC_C_LANGUAGE_STANDARD = gnu17;
				GCC_DYNAMIC_NO_PIC = NO;
				GCC_NO_COMMON_BLOCKS = YES;
				GCC_OPTIMIZATION_LEVEL = 0;
				GCC_PREPROCESSOR_DEFINITIONS = (
					"DEBUG=1",
					"$(inherited)",
				);
				GCC_WARN_64_TO_32_BIT_CONVERSION = YES;
				GCC_WARN_ABOUT_RETURN_TYPE = YES_ERROR;
				GCC_WARN_UNDECLARED_SELECTOR = YES;
				GCC_WARN_UNINITIALIZED_AUTOS = YES_AGGRESSIVE;
				GCC_WARN_UNUSED_FUNCTION = YES;
				GCC_WARN_UNUSED_VARIABLE = YES;
				IPHONEOS_DEPLOYMENT_TARGET = 26.0;
				LOCALIZATION_PREFERS_STRING_CATALOGS = YES;
				MTL_ENABLE_DEBUG_INFO = INCLUDE_SOURCE;
				MTL_FAST_MATH = YES;
				ONLY_ACTIVE_ARCH = YES;
				SDKROOT = iphoneos;
				SWIFT_ACTIVE_COMPILATION_CONDITIONS = "DEBUG $(inherited)";
				SWIFT_OPTIMIZATION_LEVEL = "-Onone";
			};
			name = Debug;
		};
		64C360B52E13632B00CA5CE5 /* Release */ = {
			isa = XCBuildConfiguration;
			buildSettings = {
				ALWAYS_SEARCH_USER_PATHS = NO;
				ASSETCATALOG_COMPILER_GENERATE_SWIFT_ASSET_SYMBOL_EXTENSIONS = YES;
				CLANG_ANALYZER_NONNULL = YES;
				CLANG_ANALYZER_NUMBER_OBJECT_CONVERSION = YES_AGGRESSIVE;
				CLANG_CXX_LANGUAGE_STANDARD = "gnu++20";
				CLANG_ENABLE_MODULES = YES;
				CLANG_ENABLE_OBJC_ARC = YES;
				CLANG_ENABLE_OBJC_WEAK = YES;
				CLANG_WARN_BLOCK_CAPTURE_AUTORELEASING = YES;
				CLANG_WARN_BOOL_CONVERSION = YES;
				CLANG_WARN_COMMA = YES;
				CLANG_WARN_CONSTANT_CONVERSION = YES;
				CLANG_WARN_DEPRECATED_OBJC_IMPLEMENTATIONS = YES;
				CLANG_WARN_DIRECT_OBJC_ISA_USAGE = YES_ERROR;
				CLANG_WARN_DOCUMENTATION_COMMENTS = YES;
				CLANG_WARN_EMPTY_BODY = YES;
				CLANG_WARN_ENUM_CONVERSION = YES;
				CLANG_WARN_INFINITE_RECURSION = YES;
				CLANG_WARN_INT_CONVERSION = YES;
				CLANG_WARN_NON_LITERAL_NULL_CONVERSION = YES;
				CLANG_WARN_OBJC_IMPLICIT_RETAIN_SELF = YES;
				CLANG_WARN_OBJC_LITERAL_CONVERSION = YES;
				CLANG_WARN_OBJC_ROOT_CLASS = YES_ERROR;
				CLANG_WARN_QUOTED_INCLUDE_IN_FRAMEWORK_HEADER = YES;
				CLANG_WARN_RANGE_LOOP_ANALYSIS = YES;
				CLANG_WARN_STRICT_PROTOTYPES = YES;
				CLANG_WARN_SUSPICIOUS_MOVE = YES;
				CLANG_WARN_UNGUARDED_AVAILABILITY = YES_AGGRESSIVE;
				CLANG_WARN_UNREACHABLE_CODE = YES;
				CLANG_WARN__DUPLICATE_METHOD_MATCH = YES;
				COPY_PHASE_STRIP = NO;
				DEBUG_INFORMATION_FORMAT = "dwarf-with-dsym";
				ENABLE_NS_ASSERTIONS = NO;
				ENABLE_STRICT_OBJC_MSGSEND = YES;
				ENABLE_USER_SCRIPT_SANDBOXING = YES;
				GCC_C_LANGUAGE_STANDARD = gnu17;
				GCC_NO_COMMON_BLOCKS = YES;
				GCC_WARN_64_TO_32_BIT_CONVERSION = YES;
				GCC_WARN_ABOUT_RETURN_TYPE = YES_ERROR;
				GCC_WARN_UNDECLARED_SELECTOR = YES;
				GCC_WARN_UNINITIALIZED_AUTOS = YES_AGGRESSIVE;
				GCC_WARN_UNUSED_FUNCTION = YES;
				GCC_WARN_UNUSED_VARIABLE = YES;
				IPHONEOS_DEPLOYMENT_TARGET = 26.0;
				LOCALIZATION_PREFERS_STRING_CATALOGS = YES;
				MTL_ENABLE_DEBUG_INFO = NO;
				MTL_FAST_MATH = YES;
				SDKROOT = iphoneos;
				SWIFT_COMPILATION_MODE = wholemodule;
				VALIDATE_PRODUCT = YES;
			};
			name = Release;
		};
		64C360B72E13632B00CA5CE5 /* Debug */ = {
			isa = XCBuildConfiguration;
			buildSettings = {
				ASSETCATALOG_COMPILER_APPICON_NAME = AppIcon;
				ASSETCATALOG_COMPILER_GLOBAL_ACCENT_COLOR_NAME = AccentColor;
				CODE_SIGN_ENTITLEMENTS = Safar/Safar.entitlements;
				CODE_SIGN_STYLE = Automatic;
				CURRENT_PROJECT_VERSION = 1;
				DEVELOPMENT_TEAM = FGW6Q324TL;
				ENABLE_PREVIEWS = YES;
				GENERATE_INFOPLIST_FILE = YES;
				INFOPLIST_FILE = Safar/Info.plist;
				INFOPLIST_KEY_CFBundleDisplayName = Safar;
				INFOPLIST_KEY_LSApplicationCategoryType = "public.app-category.travel";
				INFOPLIST_KEY_UIApplicationSceneManifest_Generation = YES;
				INFOPLIST_KEY_UIApplicationSupportsIndirectInputEvents = YES;
				INFOPLIST_KEY_UILaunchScreen_Generation = YES;
				INFOPLIST_KEY_UILaunchStoryboardName = "Launch Screen.storyboard";
				INFOPLIST_KEY_UISupportedInterfaceOrientations_iPad = "UIInterfaceOrientationPortrait UIInterfaceOrientationPortraitUpsideDown UIInterfaceOrientationLandscapeLeft UIInterfaceOrientationLandscapeRight";
				INFOPLIST_KEY_UISupportedInterfaceOrientations_iPhone = "UIInterfaceOrientationPortrait UIInterfaceOrientationLandscapeLeft UIInterfaceOrientationLandscapeRight";
				LD_RUNPATH_SEARCH_PATHS = (
					"$(inherited)",
					"@executable_path/Frameworks",
				);
				MARKETING_VERSION = 1.0;
				PRODUCT_BUNDLE_IDENTIFIER = com.armankassam.Safar;
				PRODUCT_NAME = "$(TARGET_NAME)";
				SWIFT_EMIT_LOC_STRINGS = YES;
				SWIFT_VERSION = 5.0;
				TARGETED_DEVICE_FAMILY = "1,2";
			};
			name = Debug;
		};
		64C360B82E13632B00CA5CE5 /* Release */ = {
			isa = XCBuildConfiguration;
			buildSettings = {
				ASSETCATALOG_COMPILER_APPICON_NAME = AppIcon;
				ASSETCATALOG_COMPILER_GLOBAL_ACCENT_COLOR_NAME = AccentColor;
				CODE_SIGN_ENTITLEMENTS = Safar/Safar.entitlements;
				CODE_SIGN_STYLE = Automatic;
				CURRENT_PROJECT_VERSION = 1;
				DEVELOPMENT_TEAM = FGW6Q324TL;
				ENABLE_PREVIEWS = NO;
				GENERATE_INFOPLIST_FILE = YES;
				INFOPLIST_FILE = Safar/Info.plist;
				INFOPLIST_KEY_CFBundleDisplayName = Safar;
				INFOPLIST_KEY_LSApplicationCategoryType = "public.app-category.travel";
				INFOPLIST_KEY_UIApplicationSceneManifest_Generation = YES;
				INFOPLIST_KEY_UIApplicationSupportsIndirectInputEvents = YES;
				INFOPLIST_KEY_UILaunchScreen_Generation = YES;
				INFOPLIST_KEY_UILaunchStoryboardName = "Launch Screen.storyboard";
				INFOPLIST_KEY_UISupportedInterfaceOrientations_iPad = "UIInterfaceOrientationPortrait UIInterfaceOrientationPortraitUpsideDown UIInterfaceOrientationLandscapeLeft UIInterfaceOrientationLandscapeRight";
				INFOPLIST_KEY_UISupportedInterfaceOrientations_iPhone = "UIInterfaceOrientationPortrait UIInterfaceOrientationLandscapeLeft UIInterfaceOrientationLandscapeRight";
				LD_RUNPATH_SEARCH_PATHS = (
					"$(inherited)",
					"@executable_path/Frameworks",
				);
				MARKETING_VERSION = 1.0;
				PRODUCT_BUNDLE_IDENTIFIER = com.armankassam.Safar;
				PRODUCT_NAME = "$(TARGET_NAME)";
				SWIFT_EMIT_LOC_STRINGS = YES;
				SWIFT_VERSION = 5.0;
				TARGETED_DEVICE_FAMILY = "1,2";
			};
			name = Release;
		};
		64C360BA2E13632B00CA5CE5 /* Debug */ = {
			isa = XCBuildConfiguration;
			buildSettings = {
				BUNDLE_LOADER = "$(TEST_HOST)";
				CODE_SIGN_STYLE = Automatic;
				CURRENT_PROJECT_VERSION = 1;
				GENERATE_INFOPLIST_FILE = YES;
				IPHONEOS_DEPLOYMENT_TARGET = 18.5;
				MARKETING_VERSION = 1.0;
				PRODUCT_BUNDLE_IDENTIFIER = com.armankassam.safarTests;
				PRODUCT_NAME = "$(TARGET_NAME)";
				SWIFT_EMIT_LOC_STRINGS = NO;
				SWIFT_VERSION = 5.0;
				TARGETED_DEVICE_FAMILY = "1,2";
				TEST_HOST = "$(BUILT_PRODUCTS_DIR)/Safar.app/$(BUNDLE_EXECUTABLE_FOLDER_PATH)/Safar";
			};
			name = Debug;
		};
		64C360BB2E13632B00CA5CE5 /* Release */ = {
			isa = XCBuildConfiguration;
			buildSettings = {
				BUNDLE_LOADER = "$(TEST_HOST)";
				CODE_SIGN_STYLE = Automatic;
				CURRENT_PROJECT_VERSION = 1;
				GENERATE_INFOPLIST_FILE = YES;
				IPHONEOS_DEPLOYMENT_TARGET = 18.5;
				MARKETING_VERSION = 1.0;
				PRODUCT_BUNDLE_IDENTIFIER = com.armankassam.safarTests;
				PRODUCT_NAME = "$(TARGET_NAME)";
				SWIFT_EMIT_LOC_STRINGS = NO;
				SWIFT_VERSION = 5.0;
				TARGETED_DEVICE_FAMILY = "1,2";
				TEST_HOST = "$(BUILT_PRODUCTS_DIR)/Safar.app/$(BUNDLE_EXECUTABLE_FOLDER_PATH)/Safar";
			};
			name = Release;
		};
		64C360BD2E13632B00CA5CE5 /* Debug */ = {
			isa = XCBuildConfiguration;
			buildSettings = {
				CODE_SIGN_STYLE = Automatic;
				CURRENT_PROJECT_VERSION = 1;
				GENERATE_INFOPLIST_FILE = YES;
				MARKETING_VERSION = 1.0;
				PRODUCT_BUNDLE_IDENTIFIER = com.armankassam.safarUITests;
				PRODUCT_NAME = "$(TARGET_NAME)";
				SWIFT_EMIT_LOC_STRINGS = NO;
				SWIFT_VERSION = 5.0;
				TARGETED_DEVICE_FAMILY = "1,2";
				TEST_TARGET_NAME = safar;
			};
			name = Debug;
		};
		64C360BE2E13632B00CA5CE5 /* Release */ = {
			isa = XCBuildConfiguration;
			buildSettings = {
				CODE_SIGN_STYLE = Automatic;
				CURRENT_PROJECT_VERSION = 1;
				GENERATE_INFOPLIST_FILE = YES;
				MARKETING_VERSION = 1.0;
				PRODUCT_BUNDLE_IDENTIFIER = com.armankassam.safarUITests;
				PRODUCT_NAME = "$(TARGET_NAME)";
				SWIFT_EMIT_LOC_STRINGS = NO;
				SWIFT_VERSION = 5.0;
				TARGETED_DEVICE_FAMILY = "1,2";
				TEST_TARGET_NAME = safar;
			};
			name = Release;
		};
/* End XCBuildConfiguration section */

/* Begin XCConfigurationList section */
		64C360902E13632A00CA5CE5 /* Build configuration list for PBXProject "Safar" */ = {
			isa = XCConfigurationList;
			buildConfigurations = (
				64C360B42E13632B00CA5CE5 /* Debug */,
				64C360B52E13632B00CA5CE5 /* Release */,
			);
			defaultConfigurationIsVisible = 0;
			defaultConfigurationName = Release;
		};
		64C360B62E13632B00CA5CE5 /* Build configuration list for PBXNativeTarget "Safar" */ = {
			isa = XCConfigurationList;
			buildConfigurations = (
				64C360B72E13632B00CA5CE5 /* Debug */,
				64C360B82E13632B00CA5CE5 /* Release */,
			);
			defaultConfigurationIsVisible = 0;
			defaultConfigurationName = Release;
		};
		64C360B92E13632B00CA5CE5 /* Build configuration list for PBXNativeTarget "SafarTests" */ = {
			isa = XCConfigurationList;
			buildConfigurations = (
				64C360BA2E13632B00CA5CE5 /* Debug */,
				64C360BB2E13632B00CA5CE5 /* Release */,
			);
			defaultConfigurationIsVisible = 0;
			defaultConfigurationName = Release;
		};
		64C360BC2E13632B00CA5CE5 /* Build configuration list for PBXNativeTarget "SafarUITests" */ = {
			isa = XCConfigurationList;
			buildConfigurations = (
				64C360BD2E13632B00CA5CE5 /* Debug */,
				64C360BE2E13632B00CA5CE5 /* Release */,
			);
			defaultConfigurationIsVisible = 0;
			defaultConfigurationName = Release;
		};
/* End XCConfigurationList section */

/* Begin XCRemoteSwiftPackageReference section */
		6462E2562E395D64005B4AAA /* XCRemoteSwiftPackageReference "supabase-swift" */ = {
			isa = XCRemoteSwiftPackageReference;
			repositoryURL = "https://github.com/supabase/supabase-swift";
			requirement = {
				kind = upToNextMajorVersion;
				minimumVersion = 2.5.1;
			};
		};
		647E801A2E161DF100E36B1F /* XCRemoteSwiftPackageReference "SQLite" */ = {
			isa = XCRemoteSwiftPackageReference;
			repositoryURL = "https://github.com/stephencelis/SQLite.swift";
			requirement = {
				kind = upToNextMajorVersion;
				minimumVersion = 0.15.4;
			};
		};
/* End XCRemoteSwiftPackageReference section */

/* Begin XCSwiftPackageProductDependency section */
		6462E2572E395D64005B4AAA /* Auth */ = {
			isa = XCSwiftPackageProductDependency;
			package = 6462E2562E395D64005B4AAA /* XCRemoteSwiftPackageReference "supabase-swift" */;
			productName = Auth;
		};
		6462E2592E395D64005B4AAA /* Functions */ = {
			isa = XCSwiftPackageProductDependency;
			package = 6462E2562E395D64005B4AAA /* XCRemoteSwiftPackageReference "supabase-swift" */;
			productName = Functions;
		};
		6462E25B2E395D64005B4AAA /* PostgREST */ = {
			isa = XCSwiftPackageProductDependency;
			package = 6462E2562E395D64005B4AAA /* XCRemoteSwiftPackageReference "supabase-swift" */;
			productName = PostgREST;
		};
		6462E25D2E395D64005B4AAA /* Realtime */ = {
			isa = XCSwiftPackageProductDependency;
			package = 6462E2562E395D64005B4AAA /* XCRemoteSwiftPackageReference "supabase-swift" */;
			productName = Realtime;
		};
		6462E25F2E395D64005B4AAA /* Storage */ = {
			isa = XCSwiftPackageProductDependency;
			package = 6462E2562E395D64005B4AAA /* XCRemoteSwiftPackageReference "supabase-swift" */;
			productName = Storage;
		};
		6462E2612E395D64005B4AAA /* Supabase */ = {
			isa = XCSwiftPackageProductDependency;
			package = 6462E2562E395D64005B4AAA /* XCRemoteSwiftPackageReference "supabase-swift" */;
			productName = Supabase;
		};
		647E801B2E161DF100E36B1F /* SQLite */ = {
			isa = XCSwiftPackageProductDependency;
			package = 647E801A2E161DF100E36B1F /* XCRemoteSwiftPackageReference "SQLite" */;
			productName = SQLite;
		};
/* End XCSwiftPackageProductDependency section */
	};
	rootObject = 64C3608D2E13632A00CA5CE5 /* Project object */;
}
